
Microsoft Visual Studio Solution File, Format Version 11.00
# Visual Studio 2010
Project("{FAE04EC0-301F-11D3-BF4B-00C04F79EFBC}") = "Xin1Generator", "Xin1Generator\Xin1Generator.csproj", "{A37FF49C-FF40-4F13-BEB4-7D79590A809D}"
EndProject
Project("{FAE04EC0-301F-11D3-BF4B-00C04F79EFBC}") = "Xin1GeneratorGUI", "Xin1GeneratorGUI\Xin1GeneratorGUI.csproj", "{1A32D33C-D5CE-4E2A-87A6-C3E5C8534AF9}"
EndProject
Global
	GlobalSection(SubversionScc) = preSolution
		Svn-Managed = True
		Manager = AnkhSVN - Subversion Support for Visual Studio
	EndGlobalSection
	GlobalSection(SolutionConfigurationPlatforms) = preSolution
		Debug|x86 = Debug|x86
		Release|x86 = Release|x86
	EndGlobalSection
	GlobalSection(ProjectConfigurationPlatforms) = postSolution
		{A37FF49C-FF40-4F13-BEB4-7D79590A809D}.Debug|x86.ActiveCfg = Debug|x86
		{A37FF49C-FF40-4F13-BEB4-7D79590A809D}.Debug|x86.Build.0 = Debug|x86
		{A37FF49C-FF40-4F13-BEB4-7D79590A809D}.Release|x86.ActiveCfg = Release|x86
		{A37FF49C-FF40-4F13-BEB4-7D79590A809D}.Release|x86.Build.0 = Release|x86
		{1A32D33C-D5CE-4E2A-87A6-C3E5C8534AF9}.Debug|x86.ActiveCfg = Debug|x86
		{1A32D33C-D5CE-4E2A-87A6-C3E5C8534AF9}.Debug|x86.Build.0 = Debug|x86
		{1A32D33C-D5CE-4E2A-87A6-C3E5C8534AF9}.Release|x86.ActiveCfg = Release|x86
		{1A32D33C-D5CE-4E2A-87A6-C3E5C8534AF9}.Release|x86.Build.0 = Release|x86
	EndGlobalSection
	GlobalSection(SolutionProperties) = preSolution
		HideSolutionNode = FALSE
	EndGlobalSection
EndGlobal
